
Microsoft Visual Studio Solution File, Format Version 12.00
# Visual Studio Version 17
VisualStudioVersion = 17.6.33829.357
MinimumVisualStudioVersion = 10.0.40219.1
Project("{FAE04EC0-301F-11D3-BF4B-00C04F79EFBC}") = "Lca4Ej2", "Lca4Ej2\Lca4Ej2.csproj", "{A835C25A-F453-46E0-A5A4-ACD52C5EC8E4}"
EndProject
Global
	GlobalSection(SolutionConfigurationPlatforms) = preSolution
		Debug|Any CPU = Debug|Any CPU
		Release|Any CPU = Release|Any CPU
	EndGlobalSection
	GlobalSection(ProjectConfigurationPlatforms) = postSolution
		{A835C25A-F453-46E0-A5A4-ACD52C5EC8E4}.Debug|Any CPU.ActiveCfg = Debug|Any CPU
		{A835C25A-F453-46E0-A5A4-ACD52C5EC8E4}.Debug|Any CPU.Build.0 = Debug|Any CPU
		{A835C25A-F453-46E0-A5A4-ACD52C5EC8E4}.Release|Any CPU.ActiveCfg = Release|Any CPU
		{A835C25A-F453-46E0-A5A4-ACD52C5EC8E4}.Release|Any CPU.Build.0 = Release|Any CPU
	EndGlobalSection
	GlobalSection(SolutionProperties) = preSolution
		HideSolutionNode = FALSE
	EndGlobalSection
	GlobalSection(ExtensibilityGlobals) = postSolution
		SolutionGuid = {26D4CFEF-C71F-40D1-AE99-D5F04CE71DD8}
	EndGlobalSection
EndGlobal
